
Microsoft Visual Studio Solution File, Format Version 12.00
# Visual Studio Version 16
VisualStudioVersion = 16.0.29728.190
MinimumVisualStudioVersion = 10.0.40219.1
Project("{FAE04EC0-301F-11D3-BF4B-00C04F79EFBC}") = "QandA-lesson1", "QandA-lesson1.csproj", "{6016BA60-F087-4F69-AA0C-F80276B4DA42}"
EndProject
Global
	GlobalSection(SolutionConfigurationPlatforms) = preSolution
		Debug|Any CPU = Debug|Any CPU
		Release|Any CPU = Release|Any CPU
	EndGlobalSection
	GlobalSection(ProjectConfigurationPlatforms) = postSolution
		{6016BA60-F087-4F69-AA0C-F80276B4DA42}.Debug|Any CPU.ActiveCfg = Debug|Any CPU
		{6016BA60-F087-4F69-AA0C-F80276B4DA42}.Debug|Any CPU.Build.0 = Debug|Any CPU
		{6016BA60-F087-4F69-AA0C-F80276B4DA42}.Release|Any CPU.ActiveCfg = Release|Any CPU
		{6016BA60-F087-4F69-AA0C-F80276B4DA42}.Release|Any CPU.Build.0 = Release|Any CPU
	EndGlobalSection
	GlobalSection(SolutionProperties) = preSolution
		HideSolutionNode = FALSE
	EndGlobalSection
	GlobalSection(ExtensibilityGlobals) = postSolution
		SolutionGuid = {4ABB137F-5FBC-465B-AAF6-2870BF9AC21E}
	EndGlobalSection
EndGlobal
